
Microsoft Visual Studio Solution File, Format Version 12.00
# Visual Studio Version 16
VisualStudioVersion = 16.0.35425.106
MinimumVisualStudioVersion = 10.0.40219.1
Project("{FAE04EC0-301F-11D3-BF4B-00C04F79EFBC}") = "CombatHacks", "CombatHacks\CombatHacks.csproj", "{2FE56E3C-FA29-4304-A0CC-397F4BA549AB}"
EndProject
Project("{FAE04EC0-301F-11D3-BF4B-00C04F79EFBC}") = "Runner", "Runner\Runner.csproj", "{CCD81F35-A51E-4964-A463-B263B82152F8}"
EndProject
Global
	GlobalSection(SolutionConfigurationPlatforms) = preSolution
		Debug|Any CPU = Debug|Any CPU
		Release|Any CPU = Release|Any CPU
	EndGlobalSection
	GlobalSection(ProjectConfigurationPlatforms) = postSolution
		{2FE56E3C-FA29-4304-A0CC-397F4BA549AB}.Debug|Any CPU.ActiveCfg = Debug|Any CPU
		{2FE56E3C-FA29-4304-A0CC-397F4BA549AB}.Debug|Any CPU.Build.0 = Debug|Any CPU
		{2FE56E3C-FA29-4304-A0CC-397F4BA549AB}.Release|Any CPU.ActiveCfg = Release|Any CPU
		{2FE56E3C-FA29-4304-A0CC-397F4BA549AB}.Release|Any CPU.Build.0 = Release|Any CPU
		{CCD81F35-A51E-4964-A463-B263B82152F8}.Debug|Any CPU.ActiveCfg = Debug|Any CPU
		{CCD81F35-A51E-4964-A463-B263B82152F8}.Debug|Any CPU.Build.0 = Debug|Any CPU
		{CCD81F35-A51E-4964-A463-B263B82152F8}.Release|Any CPU.ActiveCfg = Release|Any CPU
		{CCD81F35-A51E-4964-A463-B263B82152F8}.Release|Any CPU.Build.0 = Release|Any CPU
	EndGlobalSection
	GlobalSection(SolutionProperties) = preSolution
		HideSolutionNode = FALSE
	EndGlobalSection
	GlobalSection(ExtensibilityGlobals) = postSolution
		SolutionGuid = {480043DF-3165-4129-B8BE-AF3FDC18059F}
	EndGlobalSection
EndGlobal
